
Microsoft Visual Studio Solution File, Format Version 12.00
# Visual Studio Version 17
VisualStudioVersion = 17.2.32630.192
MinimumVisualStudioVersion = 10.0.40219.1
Project("{9A19103F-16F7-4668-BE54-9A1E7A4F7556}") = "TED", "TED\TED.csproj", "{BD69CE02-1B63-4949-B34B-AA6E875018DA}"
EndProject
Global
	GlobalSection(SolutionConfigurationPlatforms) = preSolution
		Debug|Any CPU = Debug|Any CPU
		Open|Any CPU = Open|Any CPU
		Release|Any CPU = Release|Any CPU
	EndGlobalSection
	GlobalSection(ProjectConfigurationPlatforms) = postSolution
		{BD69CE02-1B63-4949-B34B-AA6E875018DA}.Debug|Any CPU.ActiveCfg = Debug|Any CPU
		{BD69CE02-1B63-4949-B34B-AA6E875018DA}.Debug|Any CPU.Build.0 = Debug|Any CPU
		{BD69CE02-1B63-4949-B34B-AA6E875018DA}.Open|Any CPU.ActiveCfg = Open|Any CPU
		{BD69CE02-1B63-4949-B34B-AA6E875018DA}.Open|Any CPU.Build.0 = Open|Any CPU
		{BD69CE02-1B63-4949-B34B-AA6E875018DA}.Release|Any CPU.ActiveCfg = Release|Any CPU
		{BD69CE02-1B63-4949-B34B-AA6E875018DA}.Release|Any CPU.Build.0 = Release|Any CPU
	EndGlobalSection
	GlobalSection(SolutionProperties) = preSolution
		HideSolutionNode = FALSE
	EndGlobalSection
	GlobalSection(ExtensibilityGlobals) = postSolution
		SolutionGuid = {CEDB2C21-E30F-4966-9C5F-7A936F90E393}
	EndGlobalSection
EndGlobal
